# This file is autogenerated, do not edit; changes may be undone by the next 'dep ensure'.


[[projects]]
  name = "cloud.google.com/go"
  packages = ["compute/metadata"]
  revision = "050b16d2314d5fc3d4c9a51e4cd5c7468e77f162"
  version = "v0.17.0"

[[projects]]
  name = "github.com/codegangsta/cli"
  packages = ["."]
  revision = "cfb38830724cc34fedffe9a2a29fb54fa9169cd1"
  version = "v1.20.0"

[[projects]]
  branch = "master"
  name = "github.com/golang/protobuf"
  packages = ["proto"]
  revision = "1e59b77b52bf8e4b449a57e6f79f21226d571845"

[[projects]]
  branch = "master"
  name = "github.com/jacobsa/daemonize"
  packages = ["."]
  revision = "e460293e890f254bdec4234e574fa31ac7927c2c"

[[projects]]
  branch = "master"
  name = "github.com/jacobsa/fuse"
  packages = [".","fsutil","fuseops","fusetesting","fuseutil","internal/buffer","internal/freelist","internal/fusekernel"]
  revision = "c4e473376f7d5be650b11657ded3afb1cd80ad7c"

[[projects]]
  branch = "master"
  name = "github.com/jacobsa/gcloud"
  packages = ["gcs","gcs/gcscaching","gcs/gcsfake","gcs/gcsutil","httputil"]
  revision = "36746f318ac913dc60140851026d5b0476abc002"
  source = "https://github.com/istreamdata/gcloud.git"

[[projects]]
  branch = "master"
  name = "github.com/jacobsa/oglematchers"
  packages = ["."]
  revision = "141901ea67cd4769c6800aa7bfdfc558fa22bda5"

[[projects]]
  branch = "master"
  name = "github.com/jacobsa/oglemock"
  packages = ["."]
  revision = "e94d794d06ffc6de42cb19d0dab3c219efdd6dcf"

[[projects]]
  branch = "master"
  name = "github.com/jacobsa/ogletest"
  packages = [".","srcutil"]
  revision = "80d50a735a1108a2aeb7abc4a988d183f20c5292"

[[projects]]
  branch = "master"
  name = "github.com/jacobsa/ratelimit"
  packages = ["."]
  revision = "f5e47030f3b0a6d33e2176e47adeab7f6140098e"

[[projects]]
  branch = "master"
  name = "github.com/jacobsa/reqtrace"
  packages = ["."]
  revision = "245c9e0234cb2ad542483a336324e982f1a22934"

[[projects]]
  branch = "master"
  name = "github.com/jacobsa/syncutil"
  packages = ["."]
  revision = "08c1767d13114596059e49555801373277616944"
  source = "https://github.com/istreamdata/syncutil.git"

[[projects]]
  branch = "master"
  name = "github.com/jacobsa/timeutil"
  packages = ["."]
  revision = "577e5acbbcf60f68c80c6f5edfeefe50e477c853"

[[projects]]
  branch = "master"
  name = "github.com/jacobsa/util"
  packages = ["lrucache"]
  revision = "976a6f4de67efb102394e2f91f43ec6f2579fe2f"

[[projects]]
  branch = "master"
  name = "github.com/kardianos/osext"
  packages = ["."]
  revision = "ae77be60afb1dcacde03767a8c37337fad28ac14"

[[projects]]
  branch = "master"
  name = "golang.org/x/net"
  packages = ["context","context/ctxhttp"]
  revision = "dc871a5d77e227f5bbf6545176ef3eeebf87e76e"

[[projects]]
  branch = "master"
  name = "golang.org/x/oauth2"
  packages = [".","google","internal","jws","jwt"]
  revision = "3ea2187447eda3a5f01aa1b80d5c1c10a3555f72"

[[projects]]
  branch = "master"
  name = "google.golang.org/api"
  packages = ["gensupport","googleapi","googleapi/internal/uritemplates","storage/v1"]
  revision = "ba22d24b46e8ea8b6dea3b8782695cece79574d4"

[[projects]]
  name = "google.golang.org/appengine"
  packages = [".","internal","internal/app_identity","internal/base","internal/datastore","internal/log","internal/modules","internal/remote_api","internal/urlfetch","urlfetch"]
  revision = "150dc57a1b433e64154302bdc40b6bb8aefa313a"
  version = "v1.0.0"

[solve-meta]
  analyzer-name = "dep"
  analyzer-version = 1
  inputs-digest = "4bc14fe18b327f536175b72d64aaaffe9734e2a28372450db6b9afbb67514d8e"
  solver-name = "gps-cdcl"
  solver-version = 1
